
Microsoft Visual Studio Solution File, Format Version 12.00
# Visual Studio Version 16
VisualStudioVersion = 16.0.30523.141
MinimumVisualStudioVersion = 10.0.40219.1
Project("{2150E333-8FDC-42A3-9474-1A3956D46DE8}") = "Services", "Services", "{61C617F1-C225-4163-9F15-39AF76C0BE1F}"
EndProject
Project("{2150E333-8FDC-42A3-9474-1A3956D46DE8}") = "Identity", "Identity", "{16F41DB6-13E1-4FB5-8EFE-74B614B2E1D5}"
EndProject
Project("{2150E333-8FDC-42A3-9474-1A3956D46DE8}") = "Categories", "Categories", "{10CD440F-CA1A-43BF-8F66-8E2487B7D1EE}"
EndProject
Project("{2150E333-8FDC-42A3-9474-1A3956D46DE8}") = "Products", "Products", "{FEFE925E-D844-4168-A6F0-964217DD08D8}"
EndProject
Project("{2150E333-8FDC-42A3-9474-1A3956D46DE8}") = "Basket", "Basket", "{A85605CA-5EF5-4AF9-AA7A-608BAF356FE6}"
EndProject
Project("{2150E333-8FDC-42A3-9474-1A3956D46DE8}") = "Notifications", "Notifications", "{5CD7C0E9-E38C-490C-9259-D9E9924C26AD}"
EndProject
Project("{2150E333-8FDC-42A3-9474-1A3956D46DE8}") = "Mvc", "Mvc", "{A76D895F-EDBA-4294-9338-A11D8F56D30C}"
EndProject
Project("{FAE04EC0-301F-11D3-BF4B-00C04F79EFBC}") = "Basket.Api", "src\Services\Basket\Basket.Api\Basket.Api.csproj", "{619EACC8-8D2E-4E6D-B1C1-41B13F83440A}"
EndProject
Project("{FAE04EC0-301F-11D3-BF4B-00C04F79EFBC}") = "Basket.Domain", "src\Services\Basket\Basket.Domain\Basket.Domain.csproj", "{54C7B6DE-CB0F-4313-A4B7-225E5E659B2E}"
EndProject
Project("{FAE04EC0-301F-11D3-BF4B-00C04F79EFBC}") = "Basket.Infrastructure", "src\Services\Basket\Basket.Infrastructure\Basket.Infrastructure.csproj", "{99E7D23E-2B5E-4AD7-B14C-A626AF35905D}"
EndProject
Project("{FAE04EC0-301F-11D3-BF4B-00C04F79EFBC}") = "Categories.Api", "src\Services\Categories\Categories.Api\Categories.Api.csproj", "{39034246-1387-43CB-9FE6-335C7AFF1C18}"
EndProject
Project("{FAE04EC0-301F-11D3-BF4B-00C04F79EFBC}") = "Categories.Domain", "src\Services\Categories\Categories.Domain\Categories.Domain.csproj", "{746278AD-4659-4E96-82F4-6859996AEBF2}"
EndProject
Project("{FAE04EC0-301F-11D3-BF4B-00C04F79EFBC}") = "Categories.Infrastructure", "src\Services\Categories\Categories.Infrastructure\Categories.Infrastructure.csproj", "{2ACF6B69-1E34-46A0-8BE6-91ED440846A1}"
EndProject
Project("{FAE04EC0-301F-11D3-BF4B-00C04F79EFBC}") = "Identity.Api", "src\Services\Identity\Identity.Api\Identity.Api.csproj", "{2D04CD70-0B92-4DED-ABEB-9159BB88DF6E}"
EndProject
Project("{FAE04EC0-301F-11D3-BF4B-00C04F79EFBC}") = "Identity.Domain", "src\Services\Identity\Identity.Domain\Identity.Domain.csproj", "{B6259CE2-34A5-4028-96A2-012F1A04A8D6}"
EndProject
Project("{FAE04EC0-301F-11D3-BF4B-00C04F79EFBC}") = "Identity.Infrastructure", "src\Services\Identity\Identity.Infrastructure\Identity.Infrastructure.csproj", "{99272899-5944-4E01-B144-F1B26E64526C}"
EndProject
Project("{FAE04EC0-301F-11D3-BF4B-00C04F79EFBC}") = "Notifications.Api", "src\Services\Notifications\Notifications.Api\Notifications.Api.csproj", "{33890E94-9CF3-4C31-AC15-AA4A49F75F65}"
EndProject
Global
	GlobalSection(SolutionConfigurationPlatforms) = preSolution
		Debug|Any CPU = Debug|Any CPU
		Release|Any CPU = Release|Any CPU
	EndGlobalSection
	GlobalSection(ProjectConfigurationPlatforms) = postSolution
		{619EACC8-8D2E-4E6D-B1C1-41B13F83440A}.Debug|Any CPU.ActiveCfg = Debug|Any CPU
		{619EACC8-8D2E-4E6D-B1C1-41B13F83440A}.Debug|Any CPU.Build.0 = Debug|Any CPU
		{619EACC8-8D2E-4E6D-B1C1-41B13F83440A}.Release|Any CPU.ActiveCfg = Release|Any CPU
		{619EACC8-8D2E-4E6D-B1C1-41B13F83440A}.Release|Any CPU.Build.0 = Release|Any CPU
		{54C7B6DE-CB0F-4313-A4B7-225E5E659B2E}.Debug|Any CPU.ActiveCfg = Debug|Any CPU
		{54C7B6DE-CB0F-4313-A4B7-225E5E659B2E}.Debug|Any CPU.Build.0 = Debug|Any CPU
		{54C7B6DE-CB0F-4313-A4B7-225E5E659B2E}.Release|Any CPU.ActiveCfg = Release|Any CPU
		{54C7B6DE-CB0F-4313-A4B7-225E5E659B2E}.Release|Any CPU.Build.0 = Release|Any CPU
		{99E7D23E-2B5E-4AD7-B14C-A626AF35905D}.Debug|Any CPU.ActiveCfg = Debug|Any CPU
		{99E7D23E-2B5E-4AD7-B14C-A626AF35905D}.Debug|Any CPU.Build.0 = Debug|Any CPU
		{99E7D23E-2B5E-4AD7-B14C-A626AF35905D}.Release|Any CPU.ActiveCfg = Release|Any CPU
		{99E7D23E-2B5E-4AD7-B14C-A626AF35905D}.Release|Any CPU.Build.0 = Release|Any CPU
		{39034246-1387-43CB-9FE6-335C7AFF1C18}.Debug|Any CPU.ActiveCfg = Debug|Any CPU
		{39034246-1387-43CB-9FE6-335C7AFF1C18}.Debug|Any CPU.Build.0 = Debug|Any CPU
		{39034246-1387-43CB-9FE6-335C7AFF1C18}.Release|Any CPU.ActiveCfg = Release|Any CPU
		{39034246-1387-43CB-9FE6-335C7AFF1C18}.Release|Any CPU.Build.0 = Release|Any CPU
		{746278AD-4659-4E96-82F4-6859996AEBF2}.Debug|Any CPU.ActiveCfg = Debug|Any CPU
		{746278AD-4659-4E96-82F4-6859996AEBF2}.Debug|Any CPU.Build.0 = Debug|Any CPU
		{746278AD-4659-4E96-82F4-6859996AEBF2}.Release|Any CPU.ActiveCfg = Release|Any CPU
		{746278AD-4659-4E96-82F4-6859996AEBF2}.Release|Any CPU.Build.0 = Release|Any CPU
		{2ACF6B69-1E34-46A0-8BE6-91ED440846A1}.Debug|Any CPU.ActiveCfg = Debug|Any CPU
		{2ACF6B69-1E34-46A0-8BE6-91ED440846A1}.Debug|Any CPU.Build.0 = Debug|Any CPU
		{2ACF6B69-1E34-46A0-8BE6-91ED440846A1}.Release|Any CPU.ActiveCfg = Release|Any CPU
		{2ACF6B69-1E34-46A0-8BE6-91ED440846A1}.Release|Any CPU.Build.0 = Release|Any CPU
		{2D04CD70-0B92-4DED-ABEB-9159BB88DF6E}.Debug|Any CPU.ActiveCfg = Debug|Any CPU
		{2D04CD70-0B92-4DED-ABEB-9159BB88DF6E}.Debug|Any CPU.Build.0 = Debug|Any CPU
		{2D04CD70-0B92-4DED-ABEB-9159BB88DF6E}.Release|Any CPU.ActiveCfg = Release|Any CPU
		{2D04CD70-0B92-4DED-ABEB-9159BB88DF6E}.Release|Any CPU.Build.0 = Release|Any CPU
		{B6259CE2-34A5-4028-96A2-012F1A04A8D6}.Debug|Any CPU.ActiveCfg = Debug|Any CPU
		{B6259CE2-34A5-4028-96A2-012F1A04A8D6}.Debug|Any CPU.Build.0 = Debug|Any CPU
		{B6259CE2-34A5-4028-96A2-012F1A04A8D6}.Release|Any CPU.ActiveCfg = Release|Any CPU
		{B6259CE2-34A5-4028-96A2-012F1A04A8D6}.Release|Any CPU.Build.0 = Release|Any CPU
		{99272899-5944-4E01-B144-F1B26E64526C}.Debug|Any CPU.ActiveCfg = Debug|Any CPU
		{99272899-5944-4E01-B144-F1B26E64526C}.Debug|Any CPU.Build.0 = Debug|Any CPU
		{99272899-5944-4E01-B144-F1B26E64526C}.Release|Any CPU.ActiveCfg = Release|Any CPU
		{99272899-5944-4E01-B144-F1B26E64526C}.Release|Any CPU.Build.0 = Release|Any CPU
		{33890E94-9CF3-4C31-AC15-AA4A49F75F65}.Debug|Any CPU.ActiveCfg = Debug|Any CPU
		{33890E94-9CF3-4C31-AC15-AA4A49F75F65}.Debug|Any CPU.Build.0 = Debug|Any CPU
		{33890E94-9CF3-4C31-AC15-AA4A49F75F65}.Release|Any CPU.ActiveCfg = Release|Any CPU
		{33890E94-9CF3-4C31-AC15-AA4A49F75F65}.Release|Any CPU.Build.0 = Release|Any CPU
	EndGlobalSection
	GlobalSection(SolutionProperties) = preSolution
		HideSolutionNode = FALSE
	EndGlobalSection
	GlobalSection(NestedProjects) = preSolution
		{16F41DB6-13E1-4FB5-8EFE-74B614B2E1D5} = {61C617F1-C225-4163-9F15-39AF76C0BE1F}
		{10CD440F-CA1A-43BF-8F66-8E2487B7D1EE} = {61C617F1-C225-4163-9F15-39AF76C0BE1F}
		{FEFE925E-D844-4168-A6F0-964217DD08D8} = {61C617F1-C225-4163-9F15-39AF76C0BE1F}
		{A85605CA-5EF5-4AF9-AA7A-608BAF356FE6} = {61C617F1-C225-4163-9F15-39AF76C0BE1F}
		{5CD7C0E9-E38C-490C-9259-D9E9924C26AD} = {61C617F1-C225-4163-9F15-39AF76C0BE1F}
		{619EACC8-8D2E-4E6D-B1C1-41B13F83440A} = {A85605CA-5EF5-4AF9-AA7A-608BAF356FE6}
		{54C7B6DE-CB0F-4313-A4B7-225E5E659B2E} = {A85605CA-5EF5-4AF9-AA7A-608BAF356FE6}
		{99E7D23E-2B5E-4AD7-B14C-A626AF35905D} = {A85605CA-5EF5-4AF9-AA7A-608BAF356FE6}
		{39034246-1387-43CB-9FE6-335C7AFF1C18} = {10CD440F-CA1A-43BF-8F66-8E2487B7D1EE}
		{746278AD-4659-4E96-82F4-6859996AEBF2} = {10CD440F-CA1A-43BF-8F66-8E2487B7D1EE}
		{2ACF6B69-1E34-46A0-8BE6-91ED440846A1} = {10CD440F-CA1A-43BF-8F66-8E2487B7D1EE}
		{2D04CD70-0B92-4DED-ABEB-9159BB88DF6E} = {16F41DB6-13E1-4FB5-8EFE-74B614B2E1D5}
		{B6259CE2-34A5-4028-96A2-012F1A04A8D6} = {16F41DB6-13E1-4FB5-8EFE-74B614B2E1D5}
		{99272899-5944-4E01-B144-F1B26E64526C} = {16F41DB6-13E1-4FB5-8EFE-74B614B2E1D5}
		{33890E94-9CF3-4C31-AC15-AA4A49F75F65} = {5CD7C0E9-E38C-490C-9259-D9E9924C26AD}
	EndGlobalSection
	GlobalSection(ExtensibilityGlobals) = postSolution
		SolutionGuid = {E6917692-0C93-4A55-AA28-D3EA47E92439}
	EndGlobalSection
EndGlobal
