
Microsoft Visual Studio Solution File, Format Version 12.00
# Visual Studio Version 16
VisualStudioVersion = 16.0.30523.141
MinimumVisualStudioVersion = 10.0.40219.1
Project("{2150E333-8FDC-42A3-9474-1A3956D46DE8}") = "Services", "Services", "{61C617F1-C225-4163-9F15-39AF76C0BE1F}"
EndProject
Project("{2150E333-8FDC-42A3-9474-1A3956D46DE8}") = "Identity", "Identity", "{16F41DB6-13E1-4FB5-8EFE-74B614B2E1D5}"
EndProject
Project("{2150E333-8FDC-42A3-9474-1A3956D46DE8}") = "Categories", "Categories", "{10CD440F-CA1A-43BF-8F66-8E2487B7D1EE}"
EndProject
Project("{2150E333-8FDC-42A3-9474-1A3956D46DE8}") = "Products", "Products", "{FEFE925E-D844-4168-A6F0-964217DD08D8}"
EndProject
Project("{2150E333-8FDC-42A3-9474-1A3956D46DE8}") = "Basket", "Basket", "{A85605CA-5EF5-4AF9-AA7A-608BAF356FE6}"
EndProject
Project("{2150E333-8FDC-42A3-9474-1A3956D46DE8}") = "Notifications", "Notifications", "{5CD7C0E9-E38C-490C-9259-D9E9924C26AD}"
EndProject
Project("{2150E333-8FDC-42A3-9474-1A3956D46DE8}") = "Mvc", "Mvc", "{A76D895F-EDBA-4294-9338-A11D8F56D30C}"
EndProject
Project("{9A19103F-16F7-4668-BE54-9A1E7A4F7556}") = "Basket.Api", "src\Services\Basket\Basket.Api\Basket.Api.csproj", "{619EACC8-8D2E-4E6D-B1C1-41B13F83440A}"
EndProject
Project("{9A19103F-16F7-4668-BE54-9A1E7A4F7556}") = "Categories.Api", "src\Services\Categories\Categories.Api\Categories.Api.csproj", "{39034246-1387-43CB-9FE6-335C7AFF1C18}"
EndProject
Project("{9A19103F-16F7-4668-BE54-9A1E7A4F7556}") = "Categories.Domain", "src\Services\Categories\Categories.Domain\Categories.Domain.csproj", "{746278AD-4659-4E96-82F4-6859996AEBF2}"
EndProject
Project("{9A19103F-16F7-4668-BE54-9A1E7A4F7556}") = "Categories.Infrastructure", "src\Services\Categories\Categories.Infrastructure\Categories.Infrastructure.csproj", "{2ACF6B69-1E34-46A0-8BE6-91ED440846A1}"
EndProject
Project("{9A19103F-16F7-4668-BE54-9A1E7A4F7556}") = "Notifications.Api", "src\Services\Notifications\Notifications.Api\Notifications.Api.csproj", "{33890E94-9CF3-4C31-AC15-AA4A49F75F65}"
EndProject
Project("{9A19103F-16F7-4668-BE54-9A1E7A4F7556}") = "Products.Api", "src\Services\Products\Products.Api\Products.Api.csproj", "{A6276618-5C90-4D61-96AB-7C00195F2735}"
EndProject
Project("{9A19103F-16F7-4668-BE54-9A1E7A4F7556}") = "Products.Domain", "src\Services\Products\Products.Domain\Products.Domain.csproj", "{3C2FF4C9-778A-40FD-AFC8-1149617D4DE6}"
EndProject
Project("{9A19103F-16F7-4668-BE54-9A1E7A4F7556}") = "Products.Infrastructure", "src\Services\Products\Products.Infrastructure\Products.Infrastructure.csproj", "{EA6D315E-2B9D-45F8-859B-160A09C53CC3}"
EndProject
Project("{9A19103F-16F7-4668-BE54-9A1E7A4F7556}") = "Shop.Mvc", "src\Mvc\Shop.Mvc\Shop.Mvc.csproj", "{56596A25-226F-4501-B7EB-CCAF546DBF8A}"
EndProject
Project("{E53339B2-1760-4266-BCC7-CA923CBCF16C}") = "docker-compose", "docker-compose.dcproj", "{F27A33BE-D629-4E79-9400-C7733131DE03}"
EndProject
Project("{2150E333-8FDC-42A3-9474-1A3956D46DE8}") = "Gateway", "Gateway", "{C44306BA-5BE0-4963-B431-55064053F768}"
EndProject
Project("{9A19103F-16F7-4668-BE54-9A1E7A4F7556}") = "Gateway.Api", "src\Services\Gateway\Gateway.Api\Gateway.Api.csproj", "{9868DB60-6C43-451C-A829-E2A2F8575D8C}"
EndProject
Project("{9A19103F-16F7-4668-BE54-9A1E7A4F7556}") = "Identity.Api", "src\Services\Identity\Identity.Api\Identity.Api.csproj", "{1B5A1E94-E43B-42CC-8F60-46E1CC5E5774}"
EndProject
Project("{9A19103F-16F7-4668-BE54-9A1E7A4F7556}") = "Categories.UnitTests", "src\Services\Categories\Categories.UnitTests\Categories.UnitTests.csproj", "{E7868004-28B9-488D-834A-5FA91C5B4E95}"
EndProject
Project("{9A19103F-16F7-4668-BE54-9A1E7A4F7556}") = "Products.UnitTests", "src\Services\Products\Products.UnitTests\Products.UnitTests.csproj", "{17F7FDDC-2A6D-47E1-9165-0D2497BE2DCF}"
EndProject
Project("{2150E333-8FDC-42A3-9474-1A3956D46DE8}") = "Images", "Images", "{5E23416C-47E5-4B0C-A356-DC0CDAB715E7}"
EndProject
Project("{FAE04EC0-301F-11D3-BF4B-00C04F79EFBC}") = "Images.Api", "src\Services\Images\Images.Api\Images.Api.csproj", "{787A5A71-2B94-45D6-89D8-652449D066DC}"
EndProject
Global
	GlobalSection(SolutionConfigurationPlatforms) = preSolution
		Debug|Any CPU = Debug|Any CPU
		Release|Any CPU = Release|Any CPU
	EndGlobalSection
	GlobalSection(ProjectConfigurationPlatforms) = postSolution
		{619EACC8-8D2E-4E6D-B1C1-41B13F83440A}.Debug|Any CPU.ActiveCfg = Debug|Any CPU
		{619EACC8-8D2E-4E6D-B1C1-41B13F83440A}.Debug|Any CPU.Build.0 = Debug|Any CPU
		{619EACC8-8D2E-4E6D-B1C1-41B13F83440A}.Release|Any CPU.ActiveCfg = Release|Any CPU
		{619EACC8-8D2E-4E6D-B1C1-41B13F83440A}.Release|Any CPU.Build.0 = Release|Any CPU
		{39034246-1387-43CB-9FE6-335C7AFF1C18}.Debug|Any CPU.ActiveCfg = Debug|Any CPU
		{39034246-1387-43CB-9FE6-335C7AFF1C18}.Debug|Any CPU.Build.0 = Debug|Any CPU
		{39034246-1387-43CB-9FE6-335C7AFF1C18}.Release|Any CPU.ActiveCfg = Release|Any CPU
		{39034246-1387-43CB-9FE6-335C7AFF1C18}.Release|Any CPU.Build.0 = Release|Any CPU
		{746278AD-4659-4E96-82F4-6859996AEBF2}.Debug|Any CPU.ActiveCfg = Debug|Any CPU
		{746278AD-4659-4E96-82F4-6859996AEBF2}.Debug|Any CPU.Build.0 = Debug|Any CPU
		{746278AD-4659-4E96-82F4-6859996AEBF2}.Release|Any CPU.ActiveCfg = Release|Any CPU
		{746278AD-4659-4E96-82F4-6859996AEBF2}.Release|Any CPU.Build.0 = Release|Any CPU
		{2ACF6B69-1E34-46A0-8BE6-91ED440846A1}.Debug|Any CPU.ActiveCfg = Debug|Any CPU
		{2ACF6B69-1E34-46A0-8BE6-91ED440846A1}.Debug|Any CPU.Build.0 = Debug|Any CPU
		{2ACF6B69-1E34-46A0-8BE6-91ED440846A1}.Release|Any CPU.ActiveCfg = Release|Any CPU
		{2ACF6B69-1E34-46A0-8BE6-91ED440846A1}.Release|Any CPU.Build.0 = Release|Any CPU
		{33890E94-9CF3-4C31-AC15-AA4A49F75F65}.Debug|Any CPU.ActiveCfg = Debug|Any CPU
		{33890E94-9CF3-4C31-AC15-AA4A49F75F65}.Debug|Any CPU.Build.0 = Debug|Any CPU
		{33890E94-9CF3-4C31-AC15-AA4A49F75F65}.Release|Any CPU.ActiveCfg = Release|Any CPU
		{33890E94-9CF3-4C31-AC15-AA4A49F75F65}.Release|Any CPU.Build.0 = Release|Any CPU
		{A6276618-5C90-4D61-96AB-7C00195F2735}.Debug|Any CPU.ActiveCfg = Debug|Any CPU
		{A6276618-5C90-4D61-96AB-7C00195F2735}.Debug|Any CPU.Build.0 = Debug|Any CPU
		{A6276618-5C90-4D61-96AB-7C00195F2735}.Release|Any CPU.ActiveCfg = Release|Any CPU
		{A6276618-5C90-4D61-96AB-7C00195F2735}.Release|Any CPU.Build.0 = Release|Any CPU
		{3C2FF4C9-778A-40FD-AFC8-1149617D4DE6}.Debug|Any CPU.ActiveCfg = Debug|Any CPU
		{3C2FF4C9-778A-40FD-AFC8-1149617D4DE6}.Debug|Any CPU.Build.0 = Debug|Any CPU
		{3C2FF4C9-778A-40FD-AFC8-1149617D4DE6}.Release|Any CPU.ActiveCfg = Release|Any CPU
		{3C2FF4C9-778A-40FD-AFC8-1149617D4DE6}.Release|Any CPU.Build.0 = Release|Any CPU
		{EA6D315E-2B9D-45F8-859B-160A09C53CC3}.Debug|Any CPU.ActiveCfg = Debug|Any CPU
		{EA6D315E-2B9D-45F8-859B-160A09C53CC3}.Debug|Any CPU.Build.0 = Debug|Any CPU
		{EA6D315E-2B9D-45F8-859B-160A09C53CC3}.Release|Any CPU.ActiveCfg = Release|Any CPU
		{EA6D315E-2B9D-45F8-859B-160A09C53CC3}.Release|Any CPU.Build.0 = Release|Any CPU
		{56596A25-226F-4501-B7EB-CCAF546DBF8A}.Debug|Any CPU.ActiveCfg = Debug|Any CPU
		{56596A25-226F-4501-B7EB-CCAF546DBF8A}.Debug|Any CPU.Build.0 = Debug|Any CPU
		{56596A25-226F-4501-B7EB-CCAF546DBF8A}.Release|Any CPU.ActiveCfg = Release|Any CPU
		{56596A25-226F-4501-B7EB-CCAF546DBF8A}.Release|Any CPU.Build.0 = Release|Any CPU
		{F27A33BE-D629-4E79-9400-C7733131DE03}.Debug|Any CPU.ActiveCfg = Debug|Any CPU
		{F27A33BE-D629-4E79-9400-C7733131DE03}.Debug|Any CPU.Build.0 = Debug|Any CPU
		{F27A33BE-D629-4E79-9400-C7733131DE03}.Release|Any CPU.ActiveCfg = Release|Any CPU
		{F27A33BE-D629-4E79-9400-C7733131DE03}.Release|Any CPU.Build.0 = Release|Any CPU
		{9868DB60-6C43-451C-A829-E2A2F8575D8C}.Debug|Any CPU.ActiveCfg = Debug|Any CPU
		{9868DB60-6C43-451C-A829-E2A2F8575D8C}.Debug|Any CPU.Build.0 = Debug|Any CPU
		{9868DB60-6C43-451C-A829-E2A2F8575D8C}.Release|Any CPU.ActiveCfg = Release|Any CPU
		{9868DB60-6C43-451C-A829-E2A2F8575D8C}.Release|Any CPU.Build.0 = Release|Any CPU
		{1B5A1E94-E43B-42CC-8F60-46E1CC5E5774}.Debug|Any CPU.ActiveCfg = Debug|Any CPU
		{1B5A1E94-E43B-42CC-8F60-46E1CC5E5774}.Debug|Any CPU.Build.0 = Debug|Any CPU
		{1B5A1E94-E43B-42CC-8F60-46E1CC5E5774}.Release|Any CPU.ActiveCfg = Release|Any CPU
		{1B5A1E94-E43B-42CC-8F60-46E1CC5E5774}.Release|Any CPU.Build.0 = Release|Any CPU
		{E7868004-28B9-488D-834A-5FA91C5B4E95}.Debug|Any CPU.ActiveCfg = Debug|Any CPU
		{E7868004-28B9-488D-834A-5FA91C5B4E95}.Debug|Any CPU.Build.0 = Debug|Any CPU
		{E7868004-28B9-488D-834A-5FA91C5B4E95}.Release|Any CPU.ActiveCfg = Release|Any CPU
		{E7868004-28B9-488D-834A-5FA91C5B4E95}.Release|Any CPU.Build.0 = Release|Any CPU
		{17F7FDDC-2A6D-47E1-9165-0D2497BE2DCF}.Debug|Any CPU.ActiveCfg = Debug|Any CPU
		{17F7FDDC-2A6D-47E1-9165-0D2497BE2DCF}.Debug|Any CPU.Build.0 = Debug|Any CPU
		{17F7FDDC-2A6D-47E1-9165-0D2497BE2DCF}.Release|Any CPU.ActiveCfg = Release|Any CPU
		{17F7FDDC-2A6D-47E1-9165-0D2497BE2DCF}.Release|Any CPU.Build.0 = Release|Any CPU
		{787A5A71-2B94-45D6-89D8-652449D066DC}.Debug|Any CPU.ActiveCfg = Debug|Any CPU
		{787A5A71-2B94-45D6-89D8-652449D066DC}.Debug|Any CPU.Build.0 = Debug|Any CPU
		{787A5A71-2B94-45D6-89D8-652449D066DC}.Release|Any CPU.ActiveCfg = Release|Any CPU
		{787A5A71-2B94-45D6-89D8-652449D066DC}.Release|Any CPU.Build.0 = Release|Any CPU
	EndGlobalSection
	GlobalSection(SolutionProperties) = preSolution
		HideSolutionNode = FALSE
	EndGlobalSection
	GlobalSection(NestedProjects) = preSolution
		{16F41DB6-13E1-4FB5-8EFE-74B614B2E1D5} = {61C617F1-C225-4163-9F15-39AF76C0BE1F}
		{10CD440F-CA1A-43BF-8F66-8E2487B7D1EE} = {61C617F1-C225-4163-9F15-39AF76C0BE1F}
		{FEFE925E-D844-4168-A6F0-964217DD08D8} = {61C617F1-C225-4163-9F15-39AF76C0BE1F}
		{A85605CA-5EF5-4AF9-AA7A-608BAF356FE6} = {61C617F1-C225-4163-9F15-39AF76C0BE1F}
		{5CD7C0E9-E38C-490C-9259-D9E9924C26AD} = {61C617F1-C225-4163-9F15-39AF76C0BE1F}
		{619EACC8-8D2E-4E6D-B1C1-41B13F83440A} = {A85605CA-5EF5-4AF9-AA7A-608BAF356FE6}
		{39034246-1387-43CB-9FE6-335C7AFF1C18} = {10CD440F-CA1A-43BF-8F66-8E2487B7D1EE}
		{746278AD-4659-4E96-82F4-6859996AEBF2} = {10CD440F-CA1A-43BF-8F66-8E2487B7D1EE}
		{2ACF6B69-1E34-46A0-8BE6-91ED440846A1} = {10CD440F-CA1A-43BF-8F66-8E2487B7D1EE}
		{33890E94-9CF3-4C31-AC15-AA4A49F75F65} = {5CD7C0E9-E38C-490C-9259-D9E9924C26AD}
		{A6276618-5C90-4D61-96AB-7C00195F2735} = {FEFE925E-D844-4168-A6F0-964217DD08D8}
		{3C2FF4C9-778A-40FD-AFC8-1149617D4DE6} = {FEFE925E-D844-4168-A6F0-964217DD08D8}
		{EA6D315E-2B9D-45F8-859B-160A09C53CC3} = {FEFE925E-D844-4168-A6F0-964217DD08D8}
		{56596A25-226F-4501-B7EB-CCAF546DBF8A} = {A76D895F-EDBA-4294-9338-A11D8F56D30C}
		{C44306BA-5BE0-4963-B431-55064053F768} = {61C617F1-C225-4163-9F15-39AF76C0BE1F}
		{9868DB60-6C43-451C-A829-E2A2F8575D8C} = {C44306BA-5BE0-4963-B431-55064053F768}
		{1B5A1E94-E43B-42CC-8F60-46E1CC5E5774} = {16F41DB6-13E1-4FB5-8EFE-74B614B2E1D5}
		{E7868004-28B9-488D-834A-5FA91C5B4E95} = {10CD440F-CA1A-43BF-8F66-8E2487B7D1EE}
		{17F7FDDC-2A6D-47E1-9165-0D2497BE2DCF} = {FEFE925E-D844-4168-A6F0-964217DD08D8}
		{5E23416C-47E5-4B0C-A356-DC0CDAB715E7} = {61C617F1-C225-4163-9F15-39AF76C0BE1F}
		{787A5A71-2B94-45D6-89D8-652449D066DC} = {5E23416C-47E5-4B0C-A356-DC0CDAB715E7}
	EndGlobalSection
	GlobalSection(ExtensibilityGlobals) = postSolution
		SolutionGuid = {E6917692-0C93-4A55-AA28-D3EA47E92439}
	EndGlobalSection
EndGlobal
